
Microsoft Visual Studio Solution File, Format Version 12.00
# Visual Studio 15
VisualStudioVersion = 15.0.28307.489
MinimumVisualStudioVersion = 10.0.40219.1
Project("{FAE04EC0-301F-11D3-BF4B-00C04F79EFBC}") = "ProiectColectiv", "ProiectColectiv\ProiectColectiv.csproj", "{5F3D2000-47D3-4F1F-9F6C-41CD1EC0E4D7}"
EndProject
Global
	GlobalSection(SolutionConfigurationPlatforms) = preSolution
		Debug|Any CPU = Debug|Any CPU
		Release|Any CPU = Release|Any CPU
	EndGlobalSection
	GlobalSection(ProjectConfigurationPlatforms) = postSolution
		{5F3D2000-47D3-4F1F-9F6C-41CD1EC0E4D7}.Debug|Any CPU.ActiveCfg = Debug|Any CPU
		{5F3D2000-47D3-4F1F-9F6C-41CD1EC0E4D7}.Debug|Any CPU.Build.0 = Debug|Any CPU
		{5F3D2000-47D3-4F1F-9F6C-41CD1EC0E4D7}.Release|Any CPU.ActiveCfg = Release|Any CPU
		{5F3D2000-47D3-4F1F-9F6C-41CD1EC0E4D7}.Release|Any CPU.Build.0 = Release|Any CPU
	EndGlobalSection
	GlobalSection(SolutionProperties) = preSolution
		HideSolutionNode = FALSE
	EndGlobalSection
	GlobalSection(ExtensibilityGlobals) = postSolution
		SolutionGuid = {2E02C371-6DFD-437D-B96E-CB3336BAC260}
	EndGlobalSection
EndGlobal
